
Microsoft Visual Studio Solution File, Format Version 12.00
# Visual Studio Version 17
VisualStudioVersion = 17.1.32414.318
MinimumVisualStudioVersion = 10.0.40219.1
Project("{9A19103F-16F7-4668-BE54-9A1E7A4F7556}") = "MutationProjection.Access", "MutationProjection.Access\MutationProjection.Access.csproj", "{43F7CD29-1ECB-48BE-89C1-341C7CED41EC}"
EndProject
Global
	GlobalSection(SolutionConfigurationPlatforms) = preSolution
		Debug|Any CPU = Debug|Any CPU
		Release|Any CPU = Release|Any CPU
	EndGlobalSection
	GlobalSection(ProjectConfigurationPlatforms) = postSolution
		{43F7CD29-1ECB-48BE-89C1-341C7CED41EC}.Debug|Any CPU.ActiveCfg = Debug|Any CPU
		{43F7CD29-1ECB-48BE-89C1-341C7CED41EC}.Debug|Any CPU.Build.0 = Debug|Any CPU
		{43F7CD29-1ECB-48BE-89C1-341C7CED41EC}.Release|Any CPU.ActiveCfg = Release|Any CPU
		{43F7CD29-1ECB-48BE-89C1-341C7CED41EC}.Release|Any CPU.Build.0 = Release|Any CPU
	EndGlobalSection
	GlobalSection(SolutionProperties) = preSolution
		HideSolutionNode = FALSE
	EndGlobalSection
	GlobalSection(ExtensibilityGlobals) = postSolution
		SolutionGuid = {2349D457-24B2-46CD-AC81-405084330FDF}
	EndGlobalSection
EndGlobal
